
Microsoft Visual Studio Solution File, Format Version 12.00
# Visual Studio 15
VisualStudioVersion = 15.0.27428.2002
MinimumVisualStudioVersion = 10.0.40219.1
Project("{FAE04EC0-301F-11D3-BF4B-00C04F79EFBC}") = "Sitecore.Scientist.Analytics", "Sitecore.Scientist.Analytics\Sitecore.Scientist.Analytics.csproj", "{280AD9E6-72C3-4B67-9374-39123C2141B6}"
EndProject
Global
	GlobalSection(SolutionConfigurationPlatforms) = preSolution
		Debug|Any CPU = Debug|Any CPU
		Release|Any CPU = Release|Any CPU
	EndGlobalSection
	GlobalSection(ProjectConfigurationPlatforms) = postSolution
		{280AD9E6-72C3-4B67-9374-39123C2141B6}.Debug|Any CPU.ActiveCfg = Debug|Any CPU
		{280AD9E6-72C3-4B67-9374-39123C2141B6}.Debug|Any CPU.Build.0 = Debug|Any CPU
		{280AD9E6-72C3-4B67-9374-39123C2141B6}.Release|Any CPU.ActiveCfg = Release|Any CPU
		{280AD9E6-72C3-4B67-9374-39123C2141B6}.Release|Any CPU.Build.0 = Release|Any CPU
	EndGlobalSection
	GlobalSection(SolutionProperties) = preSolution
		HideSolutionNode = FALSE
	EndGlobalSection
	GlobalSection(ExtensibilityGlobals) = postSolution
		SolutionGuid = {1F5BD63E-DD99-4D95-A217-C53306731DBA}
	EndGlobalSection
EndGlobal
